
Microsoft Visual Studio Solution File, Format Version 12.00
# Visual Studio Version 17
VisualStudioVersion = 17.5.002.0
MinimumVisualStudioVersion = 10.0.40219.1
Project("{9A19103F-16F7-4668-BE54-9A1E7A4F7556}") = "Asignaturas ICI", "Asignaturas ICI.csproj", "{35236FBE-6642-4824-B97A-FF4E0C296772}"
EndProject
Global
	GlobalSection(SolutionConfigurationPlatforms) = preSolution
		Debug|Any CPU = Debug|Any CPU
		Release|Any CPU = Release|Any CPU
	EndGlobalSection
	GlobalSection(ProjectConfigurationPlatforms) = postSolution
		{35236FBE-6642-4824-B97A-FF4E0C296772}.Debug|Any CPU.ActiveCfg = Debug|Any CPU
		{35236FBE-6642-4824-B97A-FF4E0C296772}.Debug|Any CPU.Build.0 = Debug|Any CPU
		{35236FBE-6642-4824-B97A-FF4E0C296772}.Release|Any CPU.ActiveCfg = Release|Any CPU
		{35236FBE-6642-4824-B97A-FF4E0C296772}.Release|Any CPU.Build.0 = Release|Any CPU
	EndGlobalSection
	GlobalSection(SolutionProperties) = preSolution
		HideSolutionNode = FALSE
	EndGlobalSection
	GlobalSection(ExtensibilityGlobals) = postSolution
		SolutionGuid = {FFD92063-A4E5-41C9-8451-5F45AB891000}
	EndGlobalSection
EndGlobal
